// !$*UTF8*$!
{
	archiveVersion = 1;
	classes = {
	};
	objectVersion = 51;
	objects = {

/* Begin PBXBuildFile section */
		46030F6C235A6551000F4957 /* AppDelegate.swift in Sources */ = {isa = PBXBuildFile; fileRef = 46030F6B235A6551000F4957 /* AppDelegate.swift */; };
		46030F6E235A6551000F4957 /* MainVC.swift in Sources */ = {isa = PBXBuildFile; fileRef = 46030F6D235A6551000F4957 /* MainVC.swift */; };
		46030F71235A6551000F4957 /* Main.storyboard in Resources */ = {isa = PBXBuildFile; fileRef = 46030F6F235A6551000F4957 /* Main.storyboard */; };
		46030F73235A6562000F4957 /* Assets.xcassets in Resources */ = {isa = PBXBuildFile; fileRef = 46030F72235A6562000F4957 /* Assets.xcassets */; };
		46030F76235A6562000F4957 /* LaunchScreen.storyboard in Resources */ = {isa = PBXBuildFile; fileRef = 46030F74235A6562000F4957 /* LaunchScreen.storyboard */; };
		46030F7E235A68E3000F4957 /* GoogleService-Info.plist in Resources */ = {isa = PBXBuildFile; fileRef = 46030F7D235A68E3000F4957 /* GoogleService-Info.plist */; };
		46030F84235B52E3000F4957 /* AddTalkVC.swift in Sources */ = {isa = PBXBuildFile; fileRef = 46030F83235B52E3000F4957 /* AddTalkVC.swift */; };
		46030F87235B6036000F4957 /* Enums.swift in Sources */ = {isa = PBXBuildFile; fileRef = 46030F86235B6036000F4957 /* Enums.swift */; };
		46030F89235B65E7000F4957 /* Constants.swift in Sources */ = {isa = PBXBuildFile; fileRef = 46030F88235B65E7000F4957 /* Constants.swift */; };
		46030F8B235C5CDE000F4957 /* Talk.swift in Sources */ = {isa = PBXBuildFile; fileRef = 46030F8A235C5CDE000F4957 /* Talk.swift */; };
		46030F8D235C5F27000F4957 /* TalkCell.swift in Sources */ = {isa = PBXBuildFile; fileRef = 46030F8C235C5F27000F4957 /* TalkCell.swift */; };
		46030F8F235DA1B4000F4957 /* LoginVC.swift in Sources */ = {isa = PBXBuildFile; fileRef = 46030F8E235DA1B4000F4957 /* LoginVC.swift */; };
		46030F91235DA1DA000F4957 /* CreateUserVC.swift in Sources */ = {isa = PBXBuildFile; fileRef = 46030F90235DA1DA000F4957 /* CreateUserVC.swift */; };
		46030F93235EEADC000F4957 /* CommentsVC.swift in Sources */ = {isa = PBXBuildFile; fileRef = 46030F92235EEADC000F4957 /* CommentsVC.swift */; };
		46030F95235EFA63000F4957 /* CommentCell.swift in Sources */ = {isa = PBXBuildFile; fileRef = 46030F94235EFA63000F4957 /* CommentCell.swift */; };
		46030F97235EFCFE000F4957 /* Comment.swift in Sources */ = {isa = PBXBuildFile; fileRef = 46030F96235EFCFE000F4957 /* Comment.swift */; };
		46030F99235F29D5000F4957 /* KeyboardBoundView.swift in Sources */ = {isa = PBXBuildFile; fileRef = 46030F98235F29D5000F4957 /* KeyboardBoundView.swift */; };
		46030F9B23606AD9000F4957 /* UpdateCommentVC.swift in Sources */ = {isa = PBXBuildFile; fileRef = 46030F9A23606AD9000F4957 /* UpdateCommentVC.swift */; };
		D539B550DBC752AEC5A0F042 /* Pods_iTalk.framework in Frameworks */ = {isa = PBXBuildFile; fileRef = F78267263C87089D0C8C50D8 /* Pods_iTalk.framework */; };
/* End PBXBuildFile section */

/* Begin PBXFileReference section */
		46030F68235A6551000F4957 /* iTalk.app */ = {isa = PBXFileReference; explicitFileType = wrapper.application; includeInIndex = 0; path = iTalk.app; sourceTree = BUILT_PRODUCTS_DIR; };
		46030F6B235A6551000F4957 /* AppDelegate.swift */ = {isa = PBXFileReference; lastKnownFileType = sourcecode.swift; path = AppDelegate.swift; sourceTree = "<group>"; };
		46030F6D235A6551000F4957 /* MainVC.swift */ = {isa = PBXFileReference; lastKnownFileType = sourcecode.swift; path = MainVC.swift; sourceTree = "<group>"; };
		46030F70235A6551000F4957 /* Base */ = {isa = PBXFileReference; lastKnownFileType = file.storyboard; name = Base; path = Base.lproj/Main.storyboard; sourceTree = "<group>"; };
		46030F72235A6562000F4957 /* Assets.xcassets */ = {isa = PBXFileReference; lastKnownFileType = folder.assetcatalog; path = Assets.xcassets; sourceTree = "<group>"; };
		46030F75235A6562000F4957 /* Base */ = {isa = PBXFileReference; lastKnownFileType = file.storyboard; name = Base; path = Base.lproj/LaunchScreen.storyboard; sourceTree = "<group>"; };
		46030F77235A6562000F4957 /* Info.plist */ = {isa = PBXFileReference; lastKnownFileType = text.plist.xml; path = Info.plist; sourceTree = "<group>"; };
		46030F7D235A68E3000F4957 /* GoogleService-Info.plist */ = {isa = PBXFileReference; fileEncoding = 4; lastKnownFileType = text.plist.xml; path = "GoogleService-Info.plist"; sourceTree = "<group>"; };
		46030F83235B52E3000F4957 /* AddTalkVC.swift */ = {isa = PBXFileReference; lastKnownFileType = sourcecode.swift; path = AddTalkVC.swift; sourceTree = "<group>"; };
		46030F86235B6036000F4957 /* Enums.swift */ = {isa = PBXFileReference; lastKnownFileType = sourcecode.swift; path = Enums.swift; sourceTree = "<group>"; };
		46030F88235B65E7000F4957 /* Constants.swift */ = {isa = PBXFileReference; lastKnownFileType = sourcecode.swift; path = Constants.swift; sourceTree = "<group>"; };
		46030F8A235C5CDE000F4957 /* Talk.swift */ = {isa = PBXFileReference; lastKnownFileType = sourcecode.swift; path = Talk.swift; sourceTree = "<group>"; };
		46030F8C235C5F27000F4957 /* TalkCell.swift */ = {isa = PBXFileReference; lastKnownFileType = sourcecode.swift; path = TalkCell.swift; sourceTree = "<group>"; };
		46030F8E235DA1B4000F4957 /* LoginVC.swift */ = {isa = PBXFileReference; lastKnownFileType = sourcecode.swift; path = LoginVC.swift; sourceTree = "<group>"; };
		46030F90235DA1DA000F4957 /* CreateUserVC.swift */ = {isa = PBXFileReference; lastKnownFileType = sourcecode.swift; path = CreateUserVC.swift; sourceTree = "<group>"; };
		46030F92235EEADC000F4957 /* CommentsVC.swift */ = {isa = PBXFileReference; lastKnownFileType = sourcecode.swift; path = CommentsVC.swift; sourceTree = "<group>"; };
		46030F94235EFA63000F4957 /* CommentCell.swift */ = {isa = PBXFileReference; lastKnownFileType = sourcecode.swift; path = CommentCell.swift; sourceTree = "<group>"; };
		46030F96235EFCFE000F4957 /* Comment.swift */ = {isa = PBXFileReference; lastKnownFileType = sourcecode.swift; path = Comment.swift; sourceTree = "<group>"; };
		46030F98235F29D5000F4957 /* KeyboardBoundView.swift */ = {isa = PBXFileReference; fileEncoding = 4; lastKnownFileType = sourcecode.swift; path = KeyboardBoundView.swift; sourceTree = "<group>"; };
		46030F9A23606AD9000F4957 /* UpdateCommentVC.swift */ = {isa = PBXFileReference; lastKnownFileType = sourcecode.swift; path = UpdateCommentVC.swift; sourceTree = "<group>"; };
		9F50BAC05D8D71C34AB76A3B /* Pods-iTalk.release.xcconfig */ = {isa = PBXFileReference; includeInIndex = 1; lastKnownFileType = text.xcconfig; name = "Pods-iTalk.release.xcconfig"; path = "Target Support Files/Pods-iTalk/Pods-iTalk.release.xcconfig"; sourceTree = "<group>"; };
		DA34F0186407976418C60B7C /* Pods-iTalk.debug.xcconfig */ = {isa = PBXFileReference; includeInIndex = 1; lastKnownFileType = text.xcconfig; name = "Pods-iTalk.debug.xcconfig"; path = "Target Support Files/Pods-iTalk/Pods-iTalk.debug.xcconfig"; sourceTree = "<group>"; };
		F78267263C87089D0C8C50D8 /* Pods_iTalk.framework */ = {isa = PBXFileReference; explicitFileType = wrapper.framework; includeInIndex = 0; path = Pods_iTalk.framework; sourceTree = BUILT_PRODUCTS_DIR; };
/* End PBXFileReference section */

/* Begin PBXFrameworksBuildPhase section */
		46030F65235A6551000F4957 /* Frameworks */ = {
			isa = PBXFrameworksBuildPhase;
			buildActionMask = 2147483647;
			files = (
				D539B550DBC752AEC5A0F042 /* Pods_iTalk.framework in Frameworks */,
			);
			runOnlyForDeploymentPostprocessing = 0;
		};
/* End PBXFrameworksBuildPhase section */

/* Begin PBXGroup section */
		46030F5F235A6550000F4957 = {
			isa = PBXGroup;
			children = (
				46030F6A235A6551000F4957 /* iTalk */,
				46030F69235A6551000F4957 /* Products */,
				AD83A5527E853D320FB003C7 /* Pods */,
				849575BFFB57F043F52945DD /* Frameworks */,
			);
			sourceTree = "<group>";
		};
		46030F69235A6551000F4957 /* Products */ = {
			isa = PBXGroup;
			children = (
				46030F68235A6551000F4957 /* iTalk.app */,
			);
			name = Products;
			sourceTree = "<group>";
		};
		46030F6A235A6551000F4957 /* iTalk */ = {
			isa = PBXGroup;
			children = (
				46030F85235B601D000F4957 /* Utilities */,
				46030F81235B524E000F4957 /* Model */,
				46030F80235B5246000F4957 /* View */,
				46030F7F235B523C000F4957 /* Controller */,
				46030F6B235A6551000F4957 /* AppDelegate.swift */,
				46030F6F235A6551000F4957 /* Main.storyboard */,
				46030F72235A6562000F4957 /* Assets.xcassets */,
				46030F74235A6562000F4957 /* LaunchScreen.storyboard */,
				46030F77235A6562000F4957 /* Info.plist */,
				46030F7D235A68E3000F4957 /* GoogleService-Info.plist */,
			);
			path = iTalk;
			sourceTree = "<group>";
		};
		46030F7F235B523C000F4957 /* Controller */ = {
			isa = PBXGroup;
			children = (
				46030F6D235A6551000F4957 /* MainVC.swift */,
				46030F83235B52E3000F4957 /* AddTalkVC.swift */,
				46030F8E235DA1B4000F4957 /* LoginVC.swift */,
				46030F90235DA1DA000F4957 /* CreateUserVC.swift */,
				46030F92235EEADC000F4957 /* CommentsVC.swift */,
				46030F9A23606AD9000F4957 /* UpdateCommentVC.swift */,
			);
			path = Controller;
			sourceTree = "<group>";
		};
		46030F80235B5246000F4957 /* View */ = {
			isa = PBXGroup;
			children = (
				46030F8C235C5F27000F4957 /* TalkCell.swift */,
				46030F94235EFA63000F4957 /* CommentCell.swift */,
			);
			path = View;
			sourceTree = "<group>";
		};
		46030F81235B524E000F4957 /* Model */ = {
			isa = PBXGroup;
			children = (
				46030F8A235C5CDE000F4957 /* Talk.swift */,
				46030F96235EFCFE000F4957 /* Comment.swift */,
			);
			path = Model;
			sourceTree = "<group>";
		};
		46030F85235B601D000F4957 /* Utilities */ = {
			isa = PBXGroup;
			children = (
				46030F86235B6036000F4957 /* Enums.swift */,
				46030F88235B65E7000F4957 /* Constants.swift */,
				46030F98235F29D5000F4957 /* KeyboardBoundView.swift */,
			);
			path = Utilities;
			sourceTree = "<group>";
		};
		849575BFFB57F043F52945DD /* Frameworks */ = {
			isa = PBXGroup;
			children = (
				F78267263C87089D0C8C50D8 /* Pods_iTalk.framework */,
			);
			name = Frameworks;
			sourceTree = "<group>";
		};
		AD83A5527E853D320FB003C7 /* Pods */ = {
			isa = PBXGroup;
			children = (
				DA34F0186407976418C60B7C /* Pods-iTalk.debug.xcconfig */,
				9F50BAC05D8D71C34AB76A3B /* Pods-iTalk.release.xcconfig */,
			);
			path = Pods;
			sourceTree = "<group>";
		};
/* End PBXGroup section */

/* Begin PBXNativeTarget section */
		46030F67235A6551000F4957 /* iTalk */ = {
			isa = PBXNativeTarget;
			buildConfigurationList = 46030F7A235A6562000F4957 /* Build configuration list for PBXNativeTarget "iTalk" */;
			buildPhases = (
				5122002823F66CD26E73154C /* [CP] Check Pods Manifest.lock */,
				46030F64235A6551000F4957 /* Sources */,
				46030F65235A6551000F4957 /* Frameworks */,
				46030F66235A6551000F4957 /* Resources */,
				6D99D80D3FB3D5E4FC8574E9 /* [CP] Embed Pods Frameworks */,
			);
			buildRules = (
			);
			dependencies = (
			);
			name = iTalk;
			productName = iTalk;
			productReference = 46030F68235A6551000F4957 /* iTalk.app */;
			productType = "com.apple.product-type.application";
		};
/* End PBXNativeTarget section */

/* Begin PBXProject section */
		46030F60235A6550000F4957 /* Project object */ = {
			isa = PBXProject;
			attributes = {
				LastSwiftUpdateCheck = 1000;
				LastUpgradeCheck = 1000;
				ORGANIZATIONNAME = "Mahmoud Elshakoushy";
				TargetAttributes = {
					46030F67235A6551000F4957 = {
						CreatedOnToolsVersion = 10.0;
					};
				};
			};
			buildConfigurationList = 46030F63235A6550000F4957 /* Build configuration list for PBXProject "iTalk" */;
			compatibilityVersion = "Xcode 9.3";
			developmentRegion = en;
			hasScannedForEncodings = 0;
			knownRegions = (
				en,
				Base,
			);
			mainGroup = 46030F5F235A6550000F4957;
			productRefGroup = 46030F69235A6551000F4957 /* Products */;
			projectDirPath = "";
			projectRoot = "";
			targets = (
				46030F67235A6551000F4957 /* iTalk */,
			);
		};
/* End PBXProject section */

/* Begin PBXResourcesBuildPhase section */
		46030F66235A6551000F4957 /* Resources */ = {
			isa = PBXResourcesBuildPhase;
			buildActionMask = 2147483647;
			files = (
				46030F76235A6562000F4957 /* LaunchScreen.storyboard in Resources */,
				46030F7E235A68E3000F4957 /* GoogleService-Info.plist in Resources */,
				46030F73235A6562000F4957 /* Assets.xcassets in Resources */,
				46030F71235A6551000F4957 /* Main.storyboard in Resources */,
			);
			runOnlyForDeploymentPostprocessing = 0;
		};
/* End PBXResourcesBuildPhase section */

/* Begin PBXShellScriptBuildPhase section */
		5122002823F66CD26E73154C /* [CP] Check Pods Manifest.lock */ = {
			isa = PBXShellScriptBuildPhase;
			buildActionMask = 2147483647;
			files = (
			);
			inputFileListPaths = (
			);
			inputPaths = (
				"${PODS_PODFILE_DIR_PATH}/Podfile.lock",
				"${PODS_ROOT}/Manifest.lock",
			);
			name = "[CP] Check Pods Manifest.lock";
			outputFileListPaths = (
			);
			outputPaths = (
				"$(DERIVED_FILE_DIR)/Pods-iTalk-checkManifestLockResult.txt",
			);
			runOnlyForDeploymentPostprocessing = 0;
			shellPath = /bin/sh;
			shellScript = "diff \"${PODS_PODFILE_DIR_PATH}/Podfile.lock\" \"${PODS_ROOT}/Manifest.lock\" > /dev/null\nif [ $? != 0 ] ; then\n    # print error to STDERR\n    echo \"error: The sandbox is not in sync with the Podfile.lock. Run 'pod install' or update your CocoaPods installation.\" >&2\n    exit 1\nfi\n# This output is used by Xcode 'outputs' to avoid re-running this script phase.\necho \"SUCCESS\" > \"${SCRIPT_OUTPUT_FILE_0}\"\n";
			showEnvVarsInLog = 0;
		};
		6D99D80D3FB3D5E4FC8574E9 /* [CP] Embed Pods Frameworks */ = {
			isa = PBXShellScriptBuildPhase;
			buildActionMask = 2147483647;
			files = (
			);
			inputFileListPaths = (
				"${PODS_ROOT}/Target Support Files/Pods-iTalk/Pods-iTalk-frameworks-${CONFIGURATION}-input-files.xcfilelist",
			);
			name = "[CP] Embed Pods Frameworks";
			outputFileListPaths = (
				"${PODS_ROOT}/Target Support Files/Pods-iTalk/Pods-iTalk-frameworks-${CONFIGURATION}-output-files.xcfilelist",
			);
			runOnlyForDeploymentPostprocessing = 0;
			shellPath = /bin/sh;
			shellScript = "\"${PODS_ROOT}/Target Support Files/Pods-iTalk/Pods-iTalk-frameworks.sh\"\n";
			showEnvVarsInLog = 0;
		};
/* End PBXShellScriptBuildPhase section */

/* Begin PBXSourcesBuildPhase section */
		46030F64235A6551000F4957 /* Sources */ = {
			isa = PBXSourcesBuildPhase;
			buildActionMask = 2147483647;
			files = (
				46030F8D235C5F27000F4957 /* TalkCell.swift in Sources */,
				46030F9B23606AD9000F4957 /* UpdateCommentVC.swift in Sources */,
				46030F89235B65E7000F4957 /* Constants.swift in Sources */,
				46030F8F235DA1B4000F4957 /* LoginVC.swift in Sources */,
				46030F95235EFA63000F4957 /* CommentCell.swift in Sources */,
				46030F99235F29D5000F4957 /* KeyboardBoundView.swift in Sources */,
				46030F6E235A6551000F4957 /* MainVC.swift in Sources */,
				46030F93235EEADC000F4957 /* CommentsVC.swift in Sources */,
				46030F6C235A6551000F4957 /* AppDelegate.swift in Sources */,
				46030F97235EFCFE000F4957 /* Comment.swift in Sources */,
				46030F87235B6036000F4957 /* Enums.swift in Sources */,
				46030F91235DA1DA000F4957 /* CreateUserVC.swift in Sources */,
				46030F84235B52E3000F4957 /* AddTalkVC.swift in Sources */,
				46030F8B235C5CDE000F4957 /* Talk.swift in Sources */,
			);
			runOnlyForDeploymentPostprocessing = 0;
		};
/* End PBXSourcesBuildPhase section */

/* Begin PBXVariantGroup section */
		46030F6F235A6551000F4957 /* Main.storyboard */ = {
			isa = PBXVariantGroup;
			children = (
				46030F70235A6551000F4957 /* Base */,
			);
			name = Main.storyboard;
			sourceTree = "<group>";
		};
		46030F74235A6562000F4957 /* LaunchScreen.storyboard */ = {
			isa = PBXVariantGroup;
			children = (
				46030F75235A6562000F4957 /* Base */,
			);
			name = LaunchScreen.storyboard;
			sourceTree = "<group>";
		};
/* End PBXVariantGroup section */

/* Begin XCBuildConfiguration section */
		46030F78235A6562000F4957 /* Debug */ = {
			isa = XCBuildConfiguration;
			buildSettings = {
				ALWAYS_SEARCH_USER_PATHS = NO;
				CLANG_ANALYZER_NONNULL = YES;
				CLANG_ANALYZER_NUMBER_OBJECT_CONVERSION = YES_AGGRESSIVE;
				CLANG_CXX_LANGUAGE_STANDARD = "gnu++14";
				CLANG_CXX_LIBRARY = "libc++";
				CLANG_ENABLE_MODULES = YES;
				CLANG_ENABLE_OBJC_ARC = YES;
				CLANG_ENABLE_OBJC_WEAK = YES;
				CLANG_WARN_BLOCK_CAPTURE_AUTORELEASING = YES;
				CLANG_WARN_BOOL_CONVERSION = YES;
				CLANG_WARN_COMMA = YES;
				CLANG_WARN_CONSTANT_CONVERSION = YES;
				CLANG_WARN_DEPRECATED_OBJC_IMPLEMENTATIONS = YES;
				CLANG_WARN_DIRECT_OBJC_ISA_USAGE = YES_ERROR;
				CLANG_WARN_DOCUMENTATION_COMMENTS = YES;
				CLANG_WARN_EMPTY_BODY = YES;
				CLANG_WARN_ENUM_CONVERSION = YES;
				CLANG_WARN_INFINITE_RECURSION = YES;
				CLANG_WARN_INT_CONVERSION = YES;
				CLANG_WARN_NON_LITERAL_NULL_CONVERSION = YES;
				CLANG_WARN_OBJC_IMPLICIT_RETAIN_SELF = YES;
				CLANG_WARN_OBJC_LITERAL_CONVERSION = YES;
				CLANG_WARN_OBJC_ROOT_CLASS = YES_ERROR;
				CLANG_WARN_RANGE_LOOP_ANALYSIS = YES;
				CLANG_WARN_STRICT_PROTOTYPES = YES;
				CLANG_WARN_SUSPICIOUS_MOVE = YES;
				CLANG_WARN_UNGUARDED_AVAILABILITY = YES_AGGRESSIVE;
				CLANG_WARN_UNREACHABLE_CODE = YES;
				CLANG_WARN__DUPLICATE_METHOD_MATCH = YES;
				CODE_SIGN_IDENTITY = "iPhone Developer";
				COPY_PHASE_STRIP = NO;
				DEBUG_INFORMATION_FORMAT = dwarf;
				ENABLE_STRICT_OBJC_MSGSEND = YES;
				ENABLE_TESTABILITY = YES;
				GCC_C_LANGUAGE_STANDARD = gnu11;
				GCC_DYNAMIC_NO_PIC = NO;
				GCC_NO_COMMON_BLOCKS = YES;
				GCC_OPTIMIZATION_LEVEL = 0;
				GCC_PREPROCESSOR_DEFINITIONS = (
					"DEBUG=1",
					"$(inherited)",
				);
				GCC_WARN_64_TO_32_BIT_CONVERSION = YES;
				GCC_WARN_ABOUT_RETURN_TYPE = YES_ERROR;
				GCC_WARN_UNDECLARED_SELECTOR = YES;
				GCC_WARN_UNINITIALIZED_AUTOS = YES_AGGRESSIVE;
				GCC_WARN_UNUSED_FUNCTION = YES;
				GCC_WARN_UNUSED_VARIABLE = YES;
				IPHONEOS_DEPLOYMENT_TARGET = 12.0;
				MTL_ENABLE_DEBUG_INFO = INCLUDE_SOURCE;
				MTL_FAST_MATH = YES;
				ONLY_ACTIVE_ARCH = YES;
				SDKROOT = iphoneos;
				SWIFT_ACTIVE_COMPILATION_CONDITIONS = DEBUG;
				SWIFT_OPTIMIZATION_LEVEL = "-Onone";
			};
			name = Debug;
		};
		46030F79235A6562000F4957 /* Release */ = {
			isa = XCBuildConfiguration;
			buildSettings = {
				ALWAYS_SEARCH_USER_PATHS = NO;
				CLANG_ANALYZER_NONNULL = YES;
				CLANG_ANALYZER_NUMBER_OBJECT_CONVERSION = YES_AGGRESSIVE;
				CLANG_CXX_LANGUAGE_STANDARD = "gnu++14";
				CLANG_CXX_LIBRARY = "libc++";
				CLANG_ENABLE_MODULES = YES;
				CLANG_ENABLE_OBJC_ARC = YES;
				CLANG_ENABLE_OBJC_WEAK = YES;
				CLANG_WARN_BLOCK_CAPTURE_AUTORELEASING = YES;
				CLANG_WARN_BOOL_CONVERSION = YES;
				CLANG_WARN_COMMA = YES;
				CLANG_WARN_CONSTANT_CONVERSION = YES;
				CLANG_WARN_DEPRECATED_OBJC_IMPLEMENTATIONS = YES;
				CLANG_WARN_DIRECT_OBJC_ISA_USAGE = YES_ERROR;
				CLANG_WARN_DOCUMENTATION_COMMENTS = YES;
				CLANG_WARN_EMPTY_BODY = YES;
				CLANG_WARN_ENUM_CONVERSION = YES;
				CLANG_WARN_INFINITE_RECURSION = YES;
				CLANG_WARN_INT_CONVERSION = YES;
				CLANG_WARN_NON_LITERAL_NULL_CONVERSION = YES;
				CLANG_WARN_OBJC_IMPLICIT_RETAIN_SELF = YES;
				CLANG_WARN_OBJC_LITERAL_CONVERSION = YES;
				CLANG_WARN_OBJC_ROOT_CLASS = YES_ERROR;
				CLANG_WARN_RANGE_LOOP_ANALYSIS = YES;
				CLANG_WARN_STRICT_PROTOTYPES = YES;
				CLANG_WARN_SUSPICIOUS_MOVE = YES;
				CLANG_WARN_UNGUARDED_AVAILABILITY = YES_AGGRESSIVE;
				CLANG_WARN_UNREACHABLE_CODE = YES;
				CLANG_WARN__DUPLICATE_METHOD_MATCH = YES;
				CODE_SIGN_IDENTITY = "iPhone Developer";
				COPY_PHASE_STRIP = NO;
				DEBUG_INFORMATION_FORMAT = "dwarf-with-dsym";
				ENABLE_NS_ASSERTIONS = NO;
				ENABLE_STRICT_OBJC_MSGSEND = YES;
				GCC_C_LANGUAGE_STANDARD = gnu11;
				GCC_NO_COMMON_BLOCKS = YES;
				GCC_WARN_64_TO_32_BIT_CONVERSION = YES;
				GCC_WARN_ABOUT_RETURN_TYPE = YES_ERROR;
				GCC_WARN_UNDECLARED_SELECTOR = YES;
				GCC_WARN_UNINITIALIZED_AUTOS = YES_AGGRESSIVE;
				GCC_WARN_UNUSED_FUNCTION = YES;
				GCC_WARN_UNUSED_VARIABLE = YES;
				IPHONEOS_DEPLOYMENT_TARGET = 12.0;
				MTL_ENABLE_DEBUG_INFO = NO;
				MTL_FAST_MATH = YES;
				SDKROOT = iphoneos;
				SWIFT_COMPILATION_MODE = wholemodule;
				SWIFT_OPTIMIZATION_LEVEL = "-O";
				VALIDATE_PRODUCT = YES;
			};
			name = Release;
		};
		46030F7B235A6562000F4957 /* Debug */ = {
			isa = XCBuildConfiguration;
			baseConfigurationReference = DA34F0186407976418C60B7C /* Pods-iTalk.debug.xcconfig */;
			buildSettings = {
				ASSETCATALOG_COMPILER_APPICON_NAME = AppIcon;
				CODE_SIGN_STYLE = Automatic;
				DEVELOPMENT_TEAM = 45S7VN2TT3;
				INFOPLIST_FILE = iTalk/Info.plist;
				LD_RUNPATH_SEARCH_PATHS = (
					"$(inherited)",
					"@executable_path/Frameworks",
				);
				PRODUCT_BUNDLE_IDENTIFIER = com.elshakoushy.iTalk;
				PRODUCT_NAME = "$(TARGET_NAME)";
				SWIFT_VERSION = 4.2;
				TARGETED_DEVICE_FAMILY = "1,2";
			};
			name = Debug;
		};
		46030F7C235A6562000F4957 /* Release */ = {
			isa = XCBuildConfiguration;
			baseConfigurationReference = 9F50BAC05D8D71C34AB76A3B /* Pods-iTalk.release.xcconfig */;
			buildSettings = {
				ASSETCATALOG_COMPILER_APPICON_NAME = AppIcon;
				CODE_SIGN_STYLE = Automatic;
				DEVELOPMENT_TEAM = 45S7VN2TT3;
				INFOPLIST_FILE = iTalk/Info.plist;
				LD_RUNPATH_SEARCH_PATHS = (
					"$(inherited)",
					"@executable_path/Frameworks",
				);
				PRODUCT_BUNDLE_IDENTIFIER = com.elshakoushy.iTalk;
				PRODUCT_NAME = "$(TARGET_NAME)";
				SWIFT_VERSION = 4.2;
				TARGETED_DEVICE_FAMILY = "1,2";
			};
			name = Release;
		};
/* End XCBuildConfiguration section */

/* Begin XCConfigurationList section */
		46030F63235A6550000F4957 /* Build configuration list for PBXProject "iTalk" */ = {
			isa = XCConfigurationList;
			buildConfigurations = (
				46030F78235A6562000F4957 /* Debug */,
				46030F79235A6562000F4957 /* Release */,
			);
			defaultConfigurationIsVisible = 0;
			defaultConfigurationName = Release;
		};
		46030F7A235A6562000F4957 /* Build configuration list for PBXNativeTarget "iTalk" */ = {
			isa = XCConfigurationList;
			buildConfigurations = (
				46030F7B235A6562000F4957 /* Debug */,
				46030F7C235A6562000F4957 /* Release */,
			);
			defaultConfigurationIsVisible = 0;
			defaultConfigurationName = Release;
		};
/* End XCConfigurationList section */
	};
	rootObject = 46030F60235A6550000F4957 /* Project object */;
}
